{
  "nodes": {
    "impermanence": {
      "locked": {
        "lastModified": 1661933071,
        "narHash": "sha256-RFgfzldpbCvS+H2qwH+EvNejvqs+NhPVD5j1I7HQQPY=",
        "owner": "nix-community",
        "repo": "impermanence",
        "rev": "def994adbdfc28974e87b0e4c949e776207d5557",
        "type": "github"
      },
      "original": {
        "owner": "nix-community",
        "repo": "impermanence",
        "type": "github"
      }
    },
    "myConfig": {
      "inputs": {
        "nixpkgs": "nixpkgs"
      },
      "locked": {
        "lastModified": 1665711935,
        "narHash": "sha256-eY9Uvc1uXEzUq1uO3ByhrVJtwSDdwtdcU6tthZ+sot4=",
        "ref": "master",
        "rev": "779650c421005d73ee38b0b28f2de1c5cb84e4ec",
        "revCount": 13,
        "type": "git",
        "url": "file:///data/src/config.git"
      },
      "original": {
        "type": "git",
        "url": "file:///data/src/config.git"
      }
    },
    "nixpkgs": {
      "locked": {
        "lastModified": 1666164185,
        "narHash": "sha256-5v+YB4ijeUfg5LCz9ck4gIpCPhIS+qn02OyPJO48bCE=",
        "owner": "NixOS",
        "repo": "nixpkgs",
        "rev": "c5203abb1329f7ea084c04acda330ca75d5b9fb5",
        "type": "github"
      },
      "original": {
        "id": "nixpkgs",
        "ref": "nixos-22.05",
        "type": "indirect"
      }
    },
    "nixpkgs_2": {
      "locked": {
        "lastModified": 1666164185,
        "narHash": "sha256-5v+YB4ijeUfg5LCz9ck4gIpCPhIS+qn02OyPJO48bCE=",
        "owner": "NixOS",
        "repo": "nixpkgs",
        "rev": "c5203abb1329f7ea084c04acda330ca75d5b9fb5",
        "type": "github"
      },
      "original": {
        "id": "nixpkgs",
        "ref": "nixos-22.05",
        "type": "indirect"
      }
    },
    "nixpkgs_head": {
      "locked": {
        "lastModified": 1666154393,
        "narHash": "sha256-G4jctSMlliZvG4zUrcas0O+t3qJHzM0moBpG93lcl44=",
        "owner": "NixOS",
        "repo": "nixpkgs",
        "rev": "7b38cb118ce4ad36d19a8b021068633b57ce0d3f",
        "type": "github"
      },
      "original": {
        "id": "nixpkgs",
        "type": "indirect"
      }
    },
    "root": {
      "inputs": {
        "impermanence": "impermanence",
        "myConfig": "myConfig",
        "nixpkgs": "nixpkgs_2",
        "nixpkgs_head": "nixpkgs_head"
      }
    }
  },
  "root": "root",
  "version": 7
}
